
Microsoft Visual Studio Solution File, Format Version 12.00
# Visual Studio Version 17
VisualStudioVersion = 17.10.35013.160
MinimumVisualStudioVersion = 10.0.40219.1
Project("{FAE04EC0-301F-11D3-BF4B-00C04F79EFBC}") = "ResSpy", "ResSpy\ResSpy.csproj", "{F6181CE3-542E-4A79-AC14-C58267B5DB26}"
EndProject
Global
	GlobalSection(SolutionConfigurationPlatforms) = preSolution
		Debug|Any CPU = Debug|Any CPU
		Release|Any CPU = Release|Any CPU
	EndGlobalSection
	GlobalSection(ProjectConfigurationPlatforms) = postSolution
		{F6181CE3-542E-4A79-AC14-C58267B5DB26}.Debug|Any CPU.ActiveCfg = Debug|Any CPU
		{F6181CE3-542E-4A79-AC14-C58267B5DB26}.Debug|Any CPU.Build.0 = Debug|Any CPU
		{F6181CE3-542E-4A79-AC14-C58267B5DB26}.Release|Any CPU.ActiveCfg = Release|Any CPU
		{F6181CE3-542E-4A79-AC14-C58267B5DB26}.Release|Any CPU.Build.0 = Release|Any CPU
	EndGlobalSection
	GlobalSection(SolutionProperties) = preSolution
		HideSolutionNode = FALSE
	EndGlobalSection
	GlobalSection(ExtensibilityGlobals) = postSolution
		SolutionGuid = {E4426F13-252D-4C38-8584-03D903F67801}
	EndGlobalSection
EndGlobal
